{
  "nodes": {
    "nixpkgs": {
      "locked": {
        "lastModified": 1678137616,
        "narHash": "sha256-T+lWTRdcYaOnZQW+Ehdlg+YldC2l9cq2GXJFPq22Nxc=",
        "owner": "NixOS",
        "repo": "nixpkgs",
        "rev": "7edcdf7b169c33cd3eef9aba50521ce93ee666b8",
        "type": "github"
      },
      "original": {
        "id": "nixpkgs",
        "ref": "nixos-22.11",
        "type": "indirect"
      }
    },
    "root": {
      "inputs": {
        "nixpkgs": "nixpkgs"
      }
    }
  },
  "root": "root",
  "version": 7
}
