{
  "nodes": {
    "nixpkgs": {
      "locked": {
        "lastModified": 1757244434,
        "narHash": "sha256-AeqTqY0Y95K1Fgs6wuT1LafBNcmKxcOkWnm4alD9pqM=",
        "owner": "NixOS",
        "repo": "nixpkgs",
        "rev": "092c565d333be1e17b4779ac22104338941d913f",
        "type": "github"
      },
      "original": {
        "id": "nixpkgs",
        "ref": "nixos-25.05",
        "type": "indirect"
      }
    },
    "root": {
      "inputs": {
        "nixpkgs": "nixpkgs"
      }
    }
  },
  "root": "root",
  "version": 7
}
